
Microsoft Visual Studio Solution File, Format Version 12.00
# Visual Studio 15
VisualStudioVersion = 15.0.28307.438
MinimumVisualStudioVersion = 10.0.40219.1
Project("{8BC9CEB8-8B4A-11D0-8D11-00A0C91BC942}") = "Project3", "Project3.vcxproj", "{A1E32198-B57A-44B3-B086-B3FC62600A5C}"
EndProject
Global
	GlobalSection(SolutionConfigurationPlatforms) = preSolution
		Debug|x64 = Debug|x64
		Debug|x86 = Debug|x86
		Release|x64 = Release|x64
		Release|x86 = Release|x86
	EndGlobalSection
	GlobalSection(ProjectConfigurationPlatforms) = postSolution
		{A1E32198-B57A-44B3-B086-B3FC62600A5C}.Debug|x64.ActiveCfg = Debug|x64
		{A1E32198-B57A-44B3-B086-B3FC62600A5C}.Debug|x64.Build.0 = Debug|x64
		{A1E32198-B57A-44B3-B086-B3FC62600A5C}.Debug|x86.ActiveCfg = Debug|Win32
		{A1E32198-B57A-44B3-B086-B3FC62600A5C}.Debug|x86.Build.0 = Debug|Win32
		{A1E32198-B57A-44B3-B086-B3FC62600A5C}.Release|x64.ActiveCfg = Release|x64
		{A1E32198-B57A-44B3-B086-B3FC62600A5C}.Release|x64.Build.0 = Release|x64
		{A1E32198-B57A-44B3-B086-B3FC62600A5C}.Release|x86.ActiveCfg = Release|Win32
		{A1E32198-B57A-44B3-B086-B3FC62600A5C}.Release|x86.Build.0 = Release|Win32
	EndGlobalSection
	GlobalSection(SolutionProperties) = preSolution
		HideSolutionNode = FALSE
	EndGlobalSection
	GlobalSection(ExtensibilityGlobals) = postSolution
		SolutionGuid = {4CF17616-D73D-4854-ACB3-30DBC1014933}
	EndGlobalSection
EndGlobal
